# THIS IS AN AUTOGENERATED FILE. DO NOT EDIT THIS FILE DIRECTLY.
# yarn lockfile v1


"@vuepress/plugin-active-header-links@^1.2.0":
  version "1.2.0"
  resolved "https://registry.npmjs.org/@vuepress/plugin-active-header-links/-/plugin-active-header-links-1.2.0.tgz#46495c89e51a95e57139be007dffbcae4b229260"
  integrity sha512-vdi7l96pElJvEmcx6t9DWJNH25TIurS8acjN3+b7o4NzdaszFn5j6klN6WtI4Z+5BVDrxHP5W1F3Ebw8SZyupA==
  dependencies:
    lodash.debounce "^4.0.8"

"@vuepress/plugin-back-to-top@^1.2.0":
  version "1.2.0"
  resolved "https://registry.npmjs.org/@vuepress/plugin-back-to-top/-/plugin-back-to-top-1.2.0.tgz#f6bb2f57317e94a6b0b6854719f3088481f2c0dd"
  integrity sha512-QGFT5llXnqs/nrUmNql4jZuqo5VTKx/hsK9j1uNRdGBkyiqMs6h+brSpwTKtUqh/XwsCGn7FGPZLaYNkw7Oi8w==
  dependencies:
    lodash.debounce "^4.0.8"

"@vuepress/plugin-nprogress@^1.2.0":
  version "1.2.0"
  resolved "https://registry.npmjs.org/@vuepress/plugin-nprogress/-/plugin-nprogress-1.2.0.tgz#ff6166946a0b118a39a562acb57983529afce4d2"
  integrity sha512-0apt3Dp6XVCOkLViX6seKSEJgARihi+pX3/r8j8ndFp9Y+vmgLFZnQnGE5iKNi1ty+A6PZOK0RQcBjwTAU4pAw==
  dependencies:
    nprogress "^0.2.0"

lodash.debounce@^4.0.8:
  version "4.0.8"
  resolved "https://registry.npmjs.org/lodash.debounce/-/lodash.debounce-4.0.8.tgz#82d79bff30a67c4005ffd5e2515300ad9ca4d7af"
  integrity sha1-gteb/zCmfEAF/9XiUVMArZyk168=

nprogress@^0.2.0:
  version "0.2.0"
  resolved "https://registry.npmjs.org/nprogress/-/nprogress-0.2.0.tgz#cb8f34c53213d895723fcbab907e9422adbcafb1"
  integrity sha1-y480xTIT2JVyP8urkH6UIq28r7E=
